
Microsoft Visual Studio Solution File, Format Version 12.00
# Visual Studio Version 17
VisualStudioVersion = 17.12.35514.174 d17.12
MinimumVisualStudioVersion = 10.0.40219.1
Project("{FAE04EC0-301F-11D3-BF4B-00C04F79EFBC}") = "Day14_Project_Assignment", "Day14_Project_Assignment.csproj", "{C48FBE4E-04A7-49AD-9DFF-9CA2EA44695B}"
EndProject
Global
	GlobalSection(SolutionConfigurationPlatforms) = preSolution
		Debug|Any CPU = Debug|Any CPU
		Release|Any CPU = Release|Any CPU
	EndGlobalSection
	GlobalSection(ProjectConfigurationPlatforms) = postSolution
		{C48FBE4E-04A7-49AD-9DFF-9CA2EA44695B}.Debug|Any CPU.ActiveCfg = Debug|Any CPU
		{C48FBE4E-04A7-49AD-9DFF-9CA2EA44695B}.Debug|Any CPU.Build.0 = Debug|Any CPU
		{C48FBE4E-04A7-49AD-9DFF-9CA2EA44695B}.Release|Any CPU.ActiveCfg = Release|Any CPU
		{C48FBE4E-04A7-49AD-9DFF-9CA2EA44695B}.Release|Any CPU.Build.0 = Release|Any CPU
	EndGlobalSection
	GlobalSection(SolutionProperties) = preSolution
		HideSolutionNode = FALSE
	EndGlobalSection
EndGlobal
