
Microsoft Visual Studio Solution File, Format Version 12.00
# Visual Studio Version 17
VisualStudioVersion = 17.12.35514.174 d17.12
MinimumVisualStudioVersion = 10.0.40219.1
Project("{FAE04EC0-301F-11D3-BF4B-00C04F79EFBC}") = "Day18_Project_Study_5", "Day18_Project_Study_5.csproj", "{B1DC91CF-FFBB-4947-83F2-A6408A6858DE}"
EndProject
Global
	GlobalSection(SolutionConfigurationPlatforms) = preSolution
		Debug|Any CPU = Debug|Any CPU
		Release|Any CPU = Release|Any CPU
	EndGlobalSection
	GlobalSection(ProjectConfigurationPlatforms) = postSolution
		{B1DC91CF-FFBB-4947-83F2-A6408A6858DE}.Debug|Any CPU.ActiveCfg = Debug|Any CPU
		{B1DC91CF-FFBB-4947-83F2-A6408A6858DE}.Debug|Any CPU.Build.0 = Debug|Any CPU
		{B1DC91CF-FFBB-4947-83F2-A6408A6858DE}.Release|Any CPU.ActiveCfg = Release|Any CPU
		{B1DC91CF-FFBB-4947-83F2-A6408A6858DE}.Release|Any CPU.Build.0 = Release|Any CPU
	EndGlobalSection
	GlobalSection(SolutionProperties) = preSolution
		HideSolutionNode = FALSE
	EndGlobalSection
EndGlobal
